
Microsoft Visual Studio Solution File, Format Version 12.00
# Visual Studio Version 17
VisualStudioVersion = 17.9.34616.47
MinimumVisualStudioVersion = 10.0.40219.1
Project("{FAE04EC0-301F-11D3-BF4B-00C04F79EFBC}") = "L01_2021GS650-2022VD601", "L01_2021GS650-2022VD601\L01_2021GS650-2022VD601.csproj", "{67EA2470-F469-4051-BBD9-5EEBDDEA29BA}"
EndProject
Global
	GlobalSection(SolutionConfigurationPlatforms) = preSolution
		Debug|Any CPU = Debug|Any CPU
		Release|Any CPU = Release|Any CPU
	EndGlobalSection
	GlobalSection(ProjectConfigurationPlatforms) = postSolution
		{67EA2470-F469-4051-BBD9-5EEBDDEA29BA}.Debug|Any CPU.ActiveCfg = Debug|Any CPU
		{67EA2470-F469-4051-BBD9-5EEBDDEA29BA}.Debug|Any CPU.Build.0 = Debug|Any CPU
		{67EA2470-F469-4051-BBD9-5EEBDDEA29BA}.Release|Any CPU.ActiveCfg = Release|Any CPU
		{67EA2470-F469-4051-BBD9-5EEBDDEA29BA}.Release|Any CPU.Build.0 = Release|Any CPU
	EndGlobalSection
	GlobalSection(SolutionProperties) = preSolution
		HideSolutionNode = FALSE
	EndGlobalSection
	GlobalSection(ExtensibilityGlobals) = postSolution
		SolutionGuid = {E3970739-8343-447C-A4C6-26201A2448D8}
	EndGlobalSection
EndGlobal
